
Microsoft Visual Studio Solution File, Format Version 12.00
# Visual Studio 15
VisualStudioVersion = 15.0.26206.0
MinimumVisualStudioVersion = 10.0.40219.1
Project("{2150E333-8FDC-42A3-9474-1A3956D46DE8}") = "Documentation", "Documentation", "{FA941D84-2E49-43D3-BDCC-8287B7DCF132}"
EndProject
Project("{2150E333-8FDC-42A3-9474-1A3956D46DE8}") = "Brainstorming", "Brainstorming", "{76FE9F43-34A3-4457-9C66-D194DD91967C}"
	ProjectSection(SolutionItems) = preProject
		Documentation\Brainstorming\MCD-Basic.txt = Documentation\Brainstorming\MCD-Basic.txt
	EndProjectSection
EndProject
Project("{2150E333-8FDC-42A3-9474-1A3956D46DE8}") = "Src", "Src", "{944F5FD6-F868-45C9-BA6E-44B94FA980CC}"
EndProject
Project("{2150E333-8FDC-42A3-9474-1A3956D46DE8}") = "App", "App", "{2625EB01-BB21-49BD-90CF-6623CC9AF727}"
EndProject
Project("{2150E333-8FDC-42A3-9474-1A3956D46DE8}") = "Lib", "Lib", "{B5FF0D10-7D02-4F1A-95FB-15DF5F2C5BE8}"
EndProject
Project("{2150E333-8FDC-42A3-9474-1A3956D46DE8}") = "Core", "Core", "{29C30530-28D6-4489-984A-609A98F48F44}"
EndProject
Project("{2150E333-8FDC-42A3-9474-1A3956D46DE8}") = "Tests", "Tests", "{6B9D1E36-60C4-4E85-A270-9BFFF39BDE7A}"
EndProject
Project("{2150E333-8FDC-42A3-9474-1A3956D46DE8}") = "Lib", "Lib", "{05268826-0C3F-4012-922F-490425D14DC6}"
EndProject
Project("{2150E333-8FDC-42A3-9474-1A3956D46DE8}") = "Core", "Core", "{7557A4F7-90B6-416E-8D2B-AF4219A0DDBE}"
EndProject
Project("{2150E333-8FDC-42A3-9474-1A3956D46DE8}") = "Solution Items", "Solution Items", "{9917DB98-2D91-475D-B6E5-997B88314B9E}"
EndProject
Project("{9A19103F-16F7-4668-BE54-9A1E7A4F7556}") = "Afina", "Src\Lib\Core\Afina\Afina.csproj", "{412380A4-9719-4EC9-B5BE-30F49529DDDA}"
EndProject
Project("{9A19103F-16F7-4668-BE54-9A1E7A4F7556}") = "Afina.DataAccess.AdoNet", "Src\Lib\Core\Afina.DataAccess.AdoNet\Afina.DataAccess.AdoNet.csproj", "{C0757228-7F58-463E-98AF-2DA893C8C510}"
EndProject
Project("{9A19103F-16F7-4668-BE54-9A1E7A4F7556}") = "Afina.DataAccess.AdoNet.Sqlite", "Src\Lib\Core\Afina.DataAccess.AdoNet.Sqlite\Afina.DataAccess.AdoNet.Sqlite.csproj", "{7E3348B2-FBA6-4137-9BAB-D37DF7E192F0}"
EndProject
Project("{FAE04EC0-301F-11D3-BF4B-00C04F79EFBC}") = "Afina.DataAccess.AdoNet.Tests", "Tests\Lib\Core\Afina.DataAccess.AdoNet.Tests\Afina.DataAccess.AdoNet.Tests.csproj", "{F12976C7-C1F5-4F85-AC85-F8BE30DB70DB}"
EndProject
Project("{FAE04EC0-301F-11D3-BF4B-00C04F79EFBC}") = "Afina.DataAccess.AdoNet.Sqlite.Tests", "Tests\Lib\Core\Afina.DataAccess.AdoNet.Sqlite.Tests\Afina.DataAccess.AdoNet.Sqlite.Tests.csproj", "{48C9D9CF-CF52-43C8-B08E-F65D56A034F0}"
EndProject
Global
	GlobalSection(SolutionConfigurationPlatforms) = preSolution
		Debug|Any CPU = Debug|Any CPU
		Debug|x64 = Debug|x64
		Debug|x86 = Debug|x86
		Release|Any CPU = Release|Any CPU
		Release|x64 = Release|x64
		Release|x86 = Release|x86
	EndGlobalSection
	GlobalSection(ProjectConfigurationPlatforms) = postSolution
		{412380A4-9719-4EC9-B5BE-30F49529DDDA}.Debug|Any CPU.ActiveCfg = Debug|Any CPU
		{412380A4-9719-4EC9-B5BE-30F49529DDDA}.Debug|Any CPU.Build.0 = Debug|Any CPU
		{412380A4-9719-4EC9-B5BE-30F49529DDDA}.Debug|x64.ActiveCfg = Debug|x64
		{412380A4-9719-4EC9-B5BE-30F49529DDDA}.Debug|x64.Build.0 = Debug|x64
		{412380A4-9719-4EC9-B5BE-30F49529DDDA}.Debug|x86.ActiveCfg = Debug|x86
		{412380A4-9719-4EC9-B5BE-30F49529DDDA}.Debug|x86.Build.0 = Debug|x86
		{412380A4-9719-4EC9-B5BE-30F49529DDDA}.Release|Any CPU.ActiveCfg = Release|Any CPU
		{412380A4-9719-4EC9-B5BE-30F49529DDDA}.Release|Any CPU.Build.0 = Release|Any CPU
		{412380A4-9719-4EC9-B5BE-30F49529DDDA}.Release|x64.ActiveCfg = Release|x64
		{412380A4-9719-4EC9-B5BE-30F49529DDDA}.Release|x64.Build.0 = Release|x64
		{412380A4-9719-4EC9-B5BE-30F49529DDDA}.Release|x86.ActiveCfg = Release|x86
		{412380A4-9719-4EC9-B5BE-30F49529DDDA}.Release|x86.Build.0 = Release|x86
		{C0757228-7F58-463E-98AF-2DA893C8C510}.Debug|Any CPU.ActiveCfg = Debug|Any CPU
		{C0757228-7F58-463E-98AF-2DA893C8C510}.Debug|Any CPU.Build.0 = Debug|Any CPU
		{C0757228-7F58-463E-98AF-2DA893C8C510}.Debug|x64.ActiveCfg = Debug|x64
		{C0757228-7F58-463E-98AF-2DA893C8C510}.Debug|x64.Build.0 = Debug|x64
		{C0757228-7F58-463E-98AF-2DA893C8C510}.Debug|x86.ActiveCfg = Debug|x86
		{C0757228-7F58-463E-98AF-2DA893C8C510}.Debug|x86.Build.0 = Debug|x86
		{C0757228-7F58-463E-98AF-2DA893C8C510}.Release|Any CPU.ActiveCfg = Release|Any CPU
		{C0757228-7F58-463E-98AF-2DA893C8C510}.Release|Any CPU.Build.0 = Release|Any CPU
		{C0757228-7F58-463E-98AF-2DA893C8C510}.Release|x64.ActiveCfg = Release|x64
		{C0757228-7F58-463E-98AF-2DA893C8C510}.Release|x64.Build.0 = Release|x64
		{C0757228-7F58-463E-98AF-2DA893C8C510}.Release|x86.ActiveCfg = Release|x86
		{C0757228-7F58-463E-98AF-2DA893C8C510}.Release|x86.Build.0 = Release|x86
		{7E3348B2-FBA6-4137-9BAB-D37DF7E192F0}.Debug|Any CPU.ActiveCfg = Debug|Any CPU
		{7E3348B2-FBA6-4137-9BAB-D37DF7E192F0}.Debug|Any CPU.Build.0 = Debug|Any CPU
		{7E3348B2-FBA6-4137-9BAB-D37DF7E192F0}.Debug|x64.ActiveCfg = Debug|x64
		{7E3348B2-FBA6-4137-9BAB-D37DF7E192F0}.Debug|x64.Build.0 = Debug|x64
		{7E3348B2-FBA6-4137-9BAB-D37DF7E192F0}.Debug|x86.ActiveCfg = Debug|x86
		{7E3348B2-FBA6-4137-9BAB-D37DF7E192F0}.Debug|x86.Build.0 = Debug|x86
		{7E3348B2-FBA6-4137-9BAB-D37DF7E192F0}.Release|Any CPU.ActiveCfg = Release|Any CPU
		{7E3348B2-FBA6-4137-9BAB-D37DF7E192F0}.Release|Any CPU.Build.0 = Release|Any CPU
		{7E3348B2-FBA6-4137-9BAB-D37DF7E192F0}.Release|x64.ActiveCfg = Release|x64
		{7E3348B2-FBA6-4137-9BAB-D37DF7E192F0}.Release|x64.Build.0 = Release|x64
		{7E3348B2-FBA6-4137-9BAB-D37DF7E192F0}.Release|x86.ActiveCfg = Release|x86
		{7E3348B2-FBA6-4137-9BAB-D37DF7E192F0}.Release|x86.Build.0 = Release|x86
		{F12976C7-C1F5-4F85-AC85-F8BE30DB70DB}.Debug|Any CPU.ActiveCfg = Debug|Any CPU
		{F12976C7-C1F5-4F85-AC85-F8BE30DB70DB}.Debug|Any CPU.Build.0 = Debug|Any CPU
		{F12976C7-C1F5-4F85-AC85-F8BE30DB70DB}.Debug|x64.ActiveCfg = Debug|x64
		{F12976C7-C1F5-4F85-AC85-F8BE30DB70DB}.Debug|x64.Build.0 = Debug|x64
		{F12976C7-C1F5-4F85-AC85-F8BE30DB70DB}.Debug|x86.ActiveCfg = Debug|x86
		{F12976C7-C1F5-4F85-AC85-F8BE30DB70DB}.Debug|x86.Build.0 = Debug|x86
		{F12976C7-C1F5-4F85-AC85-F8BE30DB70DB}.Release|Any CPU.ActiveCfg = Release|Any CPU
		{F12976C7-C1F5-4F85-AC85-F8BE30DB70DB}.Release|Any CPU.Build.0 = Release|Any CPU
		{F12976C7-C1F5-4F85-AC85-F8BE30DB70DB}.Release|x64.ActiveCfg = Release|x64
		{F12976C7-C1F5-4F85-AC85-F8BE30DB70DB}.Release|x64.Build.0 = Release|x64
		{F12976C7-C1F5-4F85-AC85-F8BE30DB70DB}.Release|x86.ActiveCfg = Release|x86
		{F12976C7-C1F5-4F85-AC85-F8BE30DB70DB}.Release|x86.Build.0 = Release|x86
		{48C9D9CF-CF52-43C8-B08E-F65D56A034F0}.Debug|Any CPU.ActiveCfg = Debug|Any CPU
		{48C9D9CF-CF52-43C8-B08E-F65D56A034F0}.Debug|Any CPU.Build.0 = Debug|Any CPU
		{48C9D9CF-CF52-43C8-B08E-F65D56A034F0}.Debug|x64.ActiveCfg = Debug|x64
		{48C9D9CF-CF52-43C8-B08E-F65D56A034F0}.Debug|x64.Build.0 = Debug|x64
		{48C9D9CF-CF52-43C8-B08E-F65D56A034F0}.Debug|x86.ActiveCfg = Debug|x86
		{48C9D9CF-CF52-43C8-B08E-F65D56A034F0}.Debug|x86.Build.0 = Debug|x86
		{48C9D9CF-CF52-43C8-B08E-F65D56A034F0}.Release|Any CPU.ActiveCfg = Release|Any CPU
		{48C9D9CF-CF52-43C8-B08E-F65D56A034F0}.Release|Any CPU.Build.0 = Release|Any CPU
		{48C9D9CF-CF52-43C8-B08E-F65D56A034F0}.Release|x64.ActiveCfg = Release|x64
		{48C9D9CF-CF52-43C8-B08E-F65D56A034F0}.Release|x64.Build.0 = Release|x64
		{48C9D9CF-CF52-43C8-B08E-F65D56A034F0}.Release|x86.ActiveCfg = Release|x86
		{48C9D9CF-CF52-43C8-B08E-F65D56A034F0}.Release|x86.Build.0 = Release|x86
	EndGlobalSection
	GlobalSection(SolutionProperties) = preSolution
		HideSolutionNode = FALSE
	EndGlobalSection
	GlobalSection(NestedProjects) = preSolution
		{76FE9F43-34A3-4457-9C66-D194DD91967C} = {FA941D84-2E49-43D3-BDCC-8287B7DCF132}
		{2625EB01-BB21-49BD-90CF-6623CC9AF727} = {944F5FD6-F868-45C9-BA6E-44B94FA980CC}
		{B5FF0D10-7D02-4F1A-95FB-15DF5F2C5BE8} = {944F5FD6-F868-45C9-BA6E-44B94FA980CC}
		{29C30530-28D6-4489-984A-609A98F48F44} = {B5FF0D10-7D02-4F1A-95FB-15DF5F2C5BE8}
		{6B9D1E36-60C4-4E85-A270-9BFFF39BDE7A} = {944F5FD6-F868-45C9-BA6E-44B94FA980CC}
		{05268826-0C3F-4012-922F-490425D14DC6} = {6B9D1E36-60C4-4E85-A270-9BFFF39BDE7A}
		{7557A4F7-90B6-416E-8D2B-AF4219A0DDBE} = {05268826-0C3F-4012-922F-490425D14DC6}
		{412380A4-9719-4EC9-B5BE-30F49529DDDA} = {29C30530-28D6-4489-984A-609A98F48F44}
		{C0757228-7F58-463E-98AF-2DA893C8C510} = {29C30530-28D6-4489-984A-609A98F48F44}
		{7E3348B2-FBA6-4137-9BAB-D37DF7E192F0} = {29C30530-28D6-4489-984A-609A98F48F44}
		{F12976C7-C1F5-4F85-AC85-F8BE30DB70DB} = {7557A4F7-90B6-416E-8D2B-AF4219A0DDBE}
		{48C9D9CF-CF52-43C8-B08E-F65D56A034F0} = {7557A4F7-90B6-416E-8D2B-AF4219A0DDBE}
	EndGlobalSection
EndGlobal
