
Microsoft Visual Studio Solution File, Format Version 12.00
# Visual Studio Version 17
VisualStudioVersion = 17.0.31903.59
MinimumVisualStudioVersion = 10.0.40219.1
Project("{FAE04EC0-301F-11D3-BF4B-00C04F79EFBC}") = "Afina.ApiApp", "Afina.ApiApp\Afina.ApiApp.csproj", "{177F86A1-64AF-439E-840D-BFB4536D0502}"
EndProject
Project("{FAE04EC0-301F-11D3-BF4B-00C04F79EFBC}") = "Afina.Modules.Users", "Afina.Modules.Users\Afina.Modules.Users.csproj", "{A2E6D7A4-7A6E-4C46-9B5A-9D1C3E6D9F11}"
EndProject
Project("{FAE04EC0-301F-11D3-BF4B-00C04F79EFBC}") = "Afina.Modules.Users.Tests", "Afina.Modules.Users.Tests\Afina.Modules.Users.Tests.csproj", "{26E004B4-876C-5DE3-16D5-DC3B7AA19816}"
EndProject
Project("{FAE04EC0-301F-11D3-BF4B-00C04F79EFBC}") = "Afina.Modules.Tenant", "Afina.Modules.Tenant\Afina.Modules.Tenant.csproj", "{D59A5E61-651E-4314-8058-7FFAEA10957D}"
EndProject
Project("{FAE04EC0-301F-11D3-BF4B-00C04F79EFBC}") = "Afina.Modules.Vault", "Afina.Modules.Vault\Afina.Modules.Vault.csproj", "{9D01AF76-5990-4DF5-A999-106260DC5910}"
EndProject
Project("{FAE04EC0-301F-11D3-BF4B-00C04F79EFBC}") = "Afina.Modules.Encryption", "Afina.Modules.Encryption\Afina.Modules.Encryption.csproj", "{2CA20CBD-324F-427A-A1D0-B194287DF8AA}"
EndProject
Project("{FAE04EC0-301F-11D3-BF4B-00C04F79EFBC}") = "Afina.Modules.Audit", "Afina.Modules.Audit\Afina.Modules.Audit.csproj", "{39A21007-8C3A-4D0D-8293-0FB350396B78}"
EndProject
Project("{FAE04EC0-301F-11D3-BF4B-00C04F79EFBC}") = "Afina.Data", "Afina.Data\Afina.Data.csproj", "{58DD04C9-6EB3-44F4-BD28-ED87D83053F5}"
EndProject
Project("{FAE04EC0-301F-11D3-BF4B-00C04F79EFBC}") = "Afina.Core", "Afina.Core\Afina.Core.csproj", "{D1AE5181-C641-420A-B3ED-EF4DE46D3CE6}"
EndProject
Project("{FAE04EC0-301F-11D3-BF4B-00C04F79EFBC}") = "Afina.Infrastructure", "Afina.Infrastructure\Afina.Infrastructure.csproj", "{CFEDE74F-6A55-4E18-AD46-698F98245421}"
EndProject
Project("{FAE04EC0-301F-11D3-BF4B-00C04F79EFBC}") = "Afina.Contracts", "Afina.Contracts\Afina.Contracts.csproj", "{65E8BC05-E93F-4B99-BA39-0C93298C1B52}"
EndProject
Global
	GlobalSection(SolutionConfigurationPlatforms) = preSolution
		Debug|Any CPU = Debug|Any CPU
		Debug|x64 = Debug|x64
		Debug|x86 = Debug|x86
		Release|Any CPU = Release|Any CPU
		Release|x64 = Release|x64
		Release|x86 = Release|x86
	EndGlobalSection
	GlobalSection(ProjectConfigurationPlatforms) = postSolution
		{177F86A1-64AF-439E-840D-BFB4536D0502}.Debug|Any CPU.ActiveCfg = Debug|Any CPU
		{177F86A1-64AF-439E-840D-BFB4536D0502}.Debug|Any CPU.Build.0 = Debug|Any CPU
		{177F86A1-64AF-439E-840D-BFB4536D0502}.Debug|x64.ActiveCfg = Debug|Any CPU
		{177F86A1-64AF-439E-840D-BFB4536D0502}.Debug|x64.Build.0 = Debug|Any CPU
		{177F86A1-64AF-439E-840D-BFB4536D0502}.Debug|x86.ActiveCfg = Debug|Any CPU
		{177F86A1-64AF-439E-840D-BFB4536D0502}.Debug|x86.Build.0 = Debug|Any CPU
		{177F86A1-64AF-439E-840D-BFB4536D0502}.Release|Any CPU.ActiveCfg = Release|Any CPU
		{177F86A1-64AF-439E-840D-BFB4536D0502}.Release|Any CPU.Build.0 = Release|Any CPU
		{177F86A1-64AF-439E-840D-BFB4536D0502}.Release|x64.ActiveCfg = Release|Any CPU
		{177F86A1-64AF-439E-840D-BFB4536D0502}.Release|x64.Build.0 = Release|Any CPU
		{177F86A1-64AF-439E-840D-BFB4536D0502}.Release|x86.ActiveCfg = Release|Any CPU
		{177F86A1-64AF-439E-840D-BFB4536D0502}.Release|x86.Build.0 = Release|Any CPU
		{A2E6D7A4-7A6E-4C46-9B5A-9D1C3E6D9F11}.Debug|Any CPU.ActiveCfg = Debug|Any CPU
		{A2E6D7A4-7A6E-4C46-9B5A-9D1C3E6D9F11}.Debug|Any CPU.Build.0 = Debug|Any CPU
		{A2E6D7A4-7A6E-4C46-9B5A-9D1C3E6D9F11}.Debug|x64.ActiveCfg = Debug|Any CPU
		{A2E6D7A4-7A6E-4C46-9B5A-9D1C3E6D9F11}.Debug|x64.Build.0 = Debug|Any CPU
		{A2E6D7A4-7A6E-4C46-9B5A-9D1C3E6D9F11}.Debug|x86.ActiveCfg = Debug|Any CPU
		{A2E6D7A4-7A6E-4C46-9B5A-9D1C3E6D9F11}.Debug|x86.Build.0 = Debug|Any CPU
		{A2E6D7A4-7A6E-4C46-9B5A-9D1C3E6D9F11}.Release|Any CPU.ActiveCfg = Release|Any CPU
		{A2E6D7A4-7A6E-4C46-9B5A-9D1C3E6D9F11}.Release|Any CPU.Build.0 = Release|Any CPU
		{A2E6D7A4-7A6E-4C46-9B5A-9D1C3E6D9F11}.Release|x64.ActiveCfg = Release|Any CPU
		{A2E6D7A4-7A6E-4C46-9B5A-9D1C3E6D9F11}.Release|x64.Build.0 = Release|Any CPU
		{A2E6D7A4-7A6E-4C46-9B5A-9D1C3E6D9F11}.Release|x86.ActiveCfg = Release|Any CPU
		{A2E6D7A4-7A6E-4C46-9B5A-9D1C3E6D9F11}.Release|x86.Build.0 = Release|Any CPU
		{D59A5E61-651E-4314-8058-7FFAEA10957D}.Debug|Any CPU.ActiveCfg = Debug|Any CPU
		{D59A5E61-651E-4314-8058-7FFAEA10957D}.Debug|Any CPU.Build.0 = Debug|Any CPU
		{D59A5E61-651E-4314-8058-7FFAEA10957D}.Debug|x64.ActiveCfg = Debug|Any CPU
		{D59A5E61-651E-4314-8058-7FFAEA10957D}.Debug|x64.Build.0 = Debug|Any CPU
		{D59A5E61-651E-4314-8058-7FFAEA10957D}.Debug|x86.ActiveCfg = Debug|Any CPU
		{D59A5E61-651E-4314-8058-7FFAEA10957D}.Debug|x86.Build.0 = Debug|Any CPU
		{D59A5E61-651E-4314-8058-7FFAEA10957D}.Release|Any CPU.ActiveCfg = Release|Any CPU
		{D59A5E61-651E-4314-8058-7FFAEA10957D}.Release|Any CPU.Build.0 = Release|Any CPU
		{D59A5E61-651E-4314-8058-7FFAEA10957D}.Release|x64.ActiveCfg = Release|Any CPU
		{D59A5E61-651E-4314-8058-7FFAEA10957D}.Release|x64.Build.0 = Release|Any CPU
		{D59A5E61-651E-4314-8058-7FFAEA10957D}.Release|x86.ActiveCfg = Release|Any CPU
		{D59A5E61-651E-4314-8058-7FFAEA10957D}.Release|x86.Build.0 = Release|Any CPU
		{9D01AF76-5990-4DF5-A999-106260DC5910}.Debug|Any CPU.ActiveCfg = Debug|Any CPU
		{9D01AF76-5990-4DF5-A999-106260DC5910}.Debug|Any CPU.Build.0 = Debug|Any CPU
		{9D01AF76-5990-4DF5-A999-106260DC5910}.Debug|x64.ActiveCfg = Debug|Any CPU
		{9D01AF76-5990-4DF5-A999-106260DC5910}.Debug|x64.Build.0 = Debug|Any CPU
		{9D01AF76-5990-4DF5-A999-106260DC5910}.Debug|x86.ActiveCfg = Debug|Any CPU
		{9D01AF76-5990-4DF5-A999-106260DC5910}.Debug|x86.Build.0 = Debug|Any CPU
		{9D01AF76-5990-4DF5-A999-106260DC5910}.Release|Any CPU.ActiveCfg = Release|Any CPU
		{9D01AF76-5990-4DF5-A999-106260DC5910}.Release|Any CPU.Build.0 = Release|Any CPU
		{9D01AF76-5990-4DF5-A999-106260DC5910}.Release|x64.ActiveCfg = Release|Any CPU
		{9D01AF76-5990-4DF5-A999-106260DC5910}.Release|x64.Build.0 = Release|Any CPU
		{9D01AF76-5990-4DF5-A999-106260DC5910}.Release|x86.ActiveCfg = Release|Any CPU
		{9D01AF76-5990-4DF5-A999-106260DC5910}.Release|x86.Build.0 = Release|Any CPU
		{2CA20CBD-324F-427A-A1D0-B194287DF8AA}.Debug|Any CPU.ActiveCfg = Debug|Any CPU
		{2CA20CBD-324F-427A-A1D0-B194287DF8AA}.Debug|Any CPU.Build.0 = Debug|Any CPU
		{2CA20CBD-324F-427A-A1D0-B194287DF8AA}.Debug|x64.ActiveCfg = Debug|Any CPU
		{2CA20CBD-324F-427A-A1D0-B194287DF8AA}.Debug|x64.Build.0 = Debug|Any CPU
		{2CA20CBD-324F-427A-A1D0-B194287DF8AA}.Debug|x86.ActiveCfg = Debug|Any CPU
		{2CA20CBD-324F-427A-A1D0-B194287DF8AA}.Debug|x86.Build.0 = Debug|Any CPU
		{2CA20CBD-324F-427A-A1D0-B194287DF8AA}.Release|Any CPU.ActiveCfg = Release|Any CPU
		{2CA20CBD-324F-427A-A1D0-B194287DF8AA}.Release|Any CPU.Build.0 = Release|Any CPU
		{2CA20CBD-324F-427A-A1D0-B194287DF8AA}.Release|x64.ActiveCfg = Release|Any CPU
		{2CA20CBD-324F-427A-A1D0-B194287DF8AA}.Release|x64.Build.0 = Release|Any CPU
		{2CA20CBD-324F-427A-A1D0-B194287DF8AA}.Release|x86.ActiveCfg = Release|Any CPU
		{2CA20CBD-324F-427A-A1D0-B194287DF8AA}.Release|x86.Build.0 = Release|Any CPU
		{39A21007-8C3A-4D0D-8293-0FB350396B78}.Debug|Any CPU.ActiveCfg = Debug|Any CPU
		{39A21007-8C3A-4D0D-8293-0FB350396B78}.Debug|Any CPU.Build.0 = Debug|Any CPU
		{39A21007-8C3A-4D0D-8293-0FB350396B78}.Debug|x64.ActiveCfg = Debug|Any CPU
		{39A21007-8C3A-4D0D-8293-0FB350396B78}.Debug|x64.Build.0 = Debug|Any CPU
		{39A21007-8C3A-4D0D-8293-0FB350396B78}.Debug|x86.ActiveCfg = Debug|Any CPU
		{39A21007-8C3A-4D0D-8293-0FB350396B78}.Debug|x86.Build.0 = Debug|Any CPU
		{39A21007-8C3A-4D0D-8293-0FB350396B78}.Release|Any CPU.ActiveCfg = Release|Any CPU
		{39A21007-8C3A-4D0D-8293-0FB350396B78}.Release|Any CPU.Build.0 = Release|Any CPU
		{39A21007-8C3A-4D0D-8293-0FB350396B78}.Release|x64.ActiveCfg = Release|Any CPU
		{39A21007-8C3A-4D0D-8293-0FB350396B78}.Release|x64.Build.0 = Release|Any CPU
		{39A21007-8C3A-4D0D-8293-0FB350396B78}.Release|x86.ActiveCfg = Release|Any CPU
		{39A21007-8C3A-4D0D-8293-0FB350396B78}.Release|x86.Build.0 = Release|Any CPU
		{58DD04C9-6EB3-44F4-BD28-ED87D83053F5}.Debug|Any CPU.ActiveCfg = Debug|Any CPU
		{58DD04C9-6EB3-44F4-BD28-ED87D83053F5}.Debug|Any CPU.Build.0 = Debug|Any CPU
		{58DD04C9-6EB3-44F4-BD28-ED87D83053F5}.Debug|x64.ActiveCfg = Debug|Any CPU
		{58DD04C9-6EB3-44F4-BD28-ED87D83053F5}.Debug|x64.Build.0 = Debug|Any CPU
		{58DD04C9-6EB3-44F4-BD28-ED87D83053F5}.Debug|x86.ActiveCfg = Debug|Any CPU
		{58DD04C9-6EB3-44F4-BD28-ED87D83053F5}.Debug|x86.Build.0 = Debug|Any CPU
		{58DD04C9-6EB3-44F4-BD28-ED87D83053F5}.Release|Any CPU.ActiveCfg = Release|Any CPU
		{58DD04C9-6EB3-44F4-BD28-ED87D83053F5}.Release|Any CPU.Build.0 = Release|Any CPU
		{58DD04C9-6EB3-44F4-BD28-ED87D83053F5}.Release|x64.ActiveCfg = Release|Any CPU
		{58DD04C9-6EB3-44F4-BD28-ED87D83053F5}.Release|x64.Build.0 = Release|Any CPU
		{58DD04C9-6EB3-44F4-BD28-ED87D83053F5}.Release|x86.ActiveCfg = Release|Any CPU
		{58DD04C9-6EB3-44F4-BD28-ED87D83053F5}.Release|x86.Build.0 = Release|Any CPU
		{D1AE5181-C641-420A-B3ED-EF4DE46D3CE6}.Debug|Any CPU.ActiveCfg = Debug|Any CPU
		{D1AE5181-C641-420A-B3ED-EF4DE46D3CE6}.Debug|Any CPU.Build.0 = Debug|Any CPU
		{D1AE5181-C641-420A-B3ED-EF4DE46D3CE6}.Debug|x64.ActiveCfg = Debug|Any CPU
		{D1AE5181-C641-420A-B3ED-EF4DE46D3CE6}.Debug|x64.Build.0 = Debug|Any CPU
		{D1AE5181-C641-420A-B3ED-EF4DE46D3CE6}.Debug|x86.ActiveCfg = Debug|Any CPU
		{D1AE5181-C641-420A-B3ED-EF4DE46D3CE6}.Debug|x86.Build.0 = Debug|Any CPU
		{D1AE5181-C641-420A-B3ED-EF4DE46D3CE6}.Release|Any CPU.ActiveCfg = Release|Any CPU
		{D1AE5181-C641-420A-B3ED-EF4DE46D3CE6}.Release|Any CPU.Build.0 = Release|Any CPU
		{D1AE5181-C641-420A-B3ED-EF4DE46D3CE6}.Release|x64.ActiveCfg = Release|Any CPU
		{D1AE5181-C641-420A-B3ED-EF4DE46D3CE6}.Release|x64.Build.0 = Release|Any CPU
		{D1AE5181-C641-420A-B3ED-EF4DE46D3CE6}.Release|x86.ActiveCfg = Release|Any CPU
		{D1AE5181-C641-420A-B3ED-EF4DE46D3CE6}.Release|x86.Build.0 = Release|Any CPU
		{CFEDE74F-6A55-4E18-AD46-698F98245421}.Debug|Any CPU.ActiveCfg = Debug|Any CPU
		{CFEDE74F-6A55-4E18-AD46-698F98245421}.Debug|Any CPU.Build.0 = Debug|Any CPU
		{CFEDE74F-6A55-4E18-AD46-698F98245421}.Debug|x64.ActiveCfg = Debug|Any CPU
		{CFEDE74F-6A55-4E18-AD46-698F98245421}.Debug|x64.Build.0 = Debug|Any CPU
		{CFEDE74F-6A55-4E18-AD46-698F98245421}.Debug|x86.ActiveCfg = Debug|Any CPU
		{CFEDE74F-6A55-4E18-AD46-698F98245421}.Debug|x86.Build.0 = Debug|Any CPU
		{CFEDE74F-6A55-4E18-AD46-698F98245421}.Release|Any CPU.ActiveCfg = Release|Any CPU
		{CFEDE74F-6A55-4E18-AD46-698F98245421}.Release|Any CPU.Build.0 = Release|Any CPU
		{CFEDE74F-6A55-4E18-AD46-698F98245421}.Release|x64.ActiveCfg = Release|Any CPU
		{CFEDE74F-6A55-4E18-AD46-698F98245421}.Release|x64.Build.0 = Release|Any CPU
		{CFEDE74F-6A55-4E18-AD46-698F98245421}.Release|x86.ActiveCfg = Release|Any CPU
		{CFEDE74F-6A55-4E18-AD46-698F98245421}.Release|x86.Build.0 = Release|Any CPU
		{65E8BC05-E93F-4B99-BA39-0C93298C1B52}.Debug|Any CPU.ActiveCfg = Debug|Any CPU
		{65E8BC05-E93F-4B99-BA39-0C93298C1B52}.Debug|Any CPU.Build.0 = Debug|Any CPU
		{65E8BC05-E93F-4B99-BA39-0C93298C1B52}.Debug|x64.ActiveCfg = Debug|Any CPU
		{65E8BC05-E93F-4B99-BA39-0C93298C1B52}.Debug|x64.Build.0 = Debug|Any CPU
		{65E8BC05-E93F-4B99-BA39-0C93298C1B52}.Debug|x86.ActiveCfg = Debug|Any CPU
		{65E8BC05-E93F-4B99-BA39-0C93298C1B52}.Debug|x86.Build.0 = Debug|Any CPU
		{65E8BC05-E93F-4B99-BA39-0C93298C1B52}.Release|Any CPU.ActiveCfg = Release|Any CPU
		{65E8BC05-E93F-4B99-BA39-0C93298C1B52}.Release|Any CPU.Build.0 = Release|Any CPU
		{65E8BC05-E93F-4B99-BA39-0C93298C1B52}.Release|x64.ActiveCfg = Release|Any CPU
		{65E8BC05-E93F-4B99-BA39-0C93298C1B52}.Release|x64.Build.0 = Release|Any CPU
		{65E8BC05-E93F-4B99-BA39-0C93298C1B52}.Release|x86.ActiveCfg = Release|Any CPU
		{65E8BC05-E93F-4B99-BA39-0C93298C1B52}.Release|x86.Build.0 = Release|Any CPU
	EndGlobalSection
	GlobalSection(SolutionProperties) = preSolution
		HideSolutionNode = FALSE
	EndGlobalSection
EndGlobal
